// !$*UTF8*$!
{
	archiveVersion = 1;
	classes = {
	};
	objectVersion = 55;
	objects = {

/* Begin PBXBuildFile section */
		6E27D930271F16BE00CF60B6 /* SocialLoginProviderMock.swift in Sources */ = {isa = PBXBuildFile; fileRef = 6E27D92F271F16BE00CF60B6 /* SocialLoginProviderMock.swift */; };
		6E66A9B82710D488005CD611 /* FacebookCore in Frameworks */ = {isa = PBXBuildFile; productRef = 6E66A9B72710D488005CD611 /* FacebookCore */; };
		6E66A9BA2710D488005CD611 /* FacebookLogin in Frameworks */ = {isa = PBXBuildFile; productRef = 6E66A9B92710D488005CD611 /* FacebookLogin */; };
		6EA06C3F270DF8CA00D81E05 /* GoogleSignIn in Frameworks */ = {isa = PBXBuildFile; productRef = 6EA06C3E270DF8CA00D81E05 /* GoogleSignIn */; };
		6EA06C42270E10AE00D81E05 /* SocialLoginManager.swift in Sources */ = {isa = PBXBuildFile; fileRef = 6EA06C41270E10AE00D81E05 /* SocialLoginManager.swift */; };
		6EA06C45270E17B400D81E05 /* UserData.swift in Sources */ = {isa = PBXBuildFile; fileRef = 6EA06C44270E17B400D81E05 /* UserData.swift */; };
		6EA06C47270E1AE200D81E05 /* GoogleLoginProvider.swift in Sources */ = {isa = PBXBuildFile; fileRef = 6EA06C46270E1AE200D81E05 /* GoogleLoginProvider.swift */; };
		6EA06C49270E1AED00D81E05 /* FacebookLoginProvider.swift in Sources */ = {isa = PBXBuildFile; fileRef = 6EA06C48270E1AED00D81E05 /* FacebookLoginProvider.swift */; };
		6EA06C4B270E1C1700D81E05 /* SocialLoginManagerTests.swift in Sources */ = {isa = PBXBuildFile; fileRef = 6EA06C4A270E1C1700D81E05 /* SocialLoginManagerTests.swift */; };
		6EE60B93270C898000D77DE2 /* AppDelegate.swift in Sources */ = {isa = PBXBuildFile; fileRef = 6EE60B92270C898000D77DE2 /* AppDelegate.swift */; };
		6EE60B97270C898000D77DE2 /* MainViewController.swift in Sources */ = {isa = PBXBuildFile; fileRef = 6EE60B96270C898000D77DE2 /* MainViewController.swift */; };
		6EE60B9C270C898300D77DE2 /* Assets.xcassets in Resources */ = {isa = PBXBuildFile; fileRef = 6EE60B9B270C898300D77DE2 /* Assets.xcassets */; };
		6EE60B9F270C898300D77DE2 /* LaunchScreen.storyboard in Resources */ = {isa = PBXBuildFile; fileRef = 6EE60B9D270C898300D77DE2 /* LaunchScreen.storyboard */; };
		6EE60BB4270C898300D77DE2 /* Social_Sign_InUITests.swift in Sources */ = {isa = PBXBuildFile; fileRef = 6EE60BB3270C898300D77DE2 /* Social_Sign_InUITests.swift */; };
		6EE60BB6270C898300D77DE2 /* Social_Sign_InUITestsLaunchTests.swift in Sources */ = {isa = PBXBuildFile; fileRef = 6EE60BB5270C898300D77DE2 /* Social_Sign_InUITestsLaunchTests.swift */; };
		6EE60BC5270C92EF00D77DE2 /* MainViewControllerTests.swift in Sources */ = {isa = PBXBuildFile; fileRef = 6EE60BC4270C92EF00D77DE2 /* MainViewControllerTests.swift */; };
/* End PBXBuildFile section */

/* Begin PBXContainerItemProxy section */
		6EE60BA6270C898300D77DE2 /* PBXContainerItemProxy */ = {
			isa = PBXContainerItemProxy;
			containerPortal = 6EE60B87270C898000D77DE2 /* Project object */;
			proxyType = 1;
			remoteGlobalIDString = 6EE60B8E270C898000D77DE2;
			remoteInfo = "Social Sign In";
		};
		6EE60BB0270C898300D77DE2 /* PBXContainerItemProxy */ = {
			isa = PBXContainerItemProxy;
			containerPortal = 6EE60B87270C898000D77DE2 /* Project object */;
			proxyType = 1;
			remoteGlobalIDString = 6EE60B8E270C898000D77DE2;
			remoteInfo = "Social Sign In";
		};
/* End PBXContainerItemProxy section */

/* Begin PBXFileReference section */
		6E27D92F271F16BE00CF60B6 /* SocialLoginProviderMock.swift */ = {isa = PBXFileReference; lastKnownFileType = sourcecode.swift; path = SocialLoginProviderMock.swift; sourceTree = "<group>"; };
		6EA06C41270E10AE00D81E05 /* SocialLoginManager.swift */ = {isa = PBXFileReference; lastKnownFileType = sourcecode.swift; path = SocialLoginManager.swift; sourceTree = "<group>"; };
		6EA06C44270E17B400D81E05 /* UserData.swift */ = {isa = PBXFileReference; lastKnownFileType = sourcecode.swift; path = UserData.swift; sourceTree = "<group>"; };
		6EA06C46270E1AE200D81E05 /* GoogleLoginProvider.swift */ = {isa = PBXFileReference; lastKnownFileType = sourcecode.swift; path = GoogleLoginProvider.swift; sourceTree = "<group>"; };
		6EA06C48270E1AED00D81E05 /* FacebookLoginProvider.swift */ = {isa = PBXFileReference; lastKnownFileType = sourcecode.swift; path = FacebookLoginProvider.swift; sourceTree = "<group>"; };
		6EA06C4A270E1C1700D81E05 /* SocialLoginManagerTests.swift */ = {isa = PBXFileReference; lastKnownFileType = sourcecode.swift; path = SocialLoginManagerTests.swift; sourceTree = "<group>"; };
		6EE60B8F270C898000D77DE2 /* Social Sign In.app */ = {isa = PBXFileReference; explicitFileType = wrapper.application; includeInIndex = 0; path = "Social Sign In.app"; sourceTree = BUILT_PRODUCTS_DIR; };
		6EE60B92270C898000D77DE2 /* AppDelegate.swift */ = {isa = PBXFileReference; lastKnownFileType = sourcecode.swift; path = AppDelegate.swift; sourceTree = "<group>"; };
		6EE60B96270C898000D77DE2 /* MainViewController.swift */ = {isa = PBXFileReference; lastKnownFileType = sourcecode.swift; path = MainViewController.swift; sourceTree = "<group>"; };
		6EE60B9B270C898300D77DE2 /* Assets.xcassets */ = {isa = PBXFileReference; lastKnownFileType = folder.assetcatalog; path = Assets.xcassets; sourceTree = "<group>"; };
		6EE60B9E270C898300D77DE2 /* Base */ = {isa = PBXFileReference; lastKnownFileType = file.storyboard; name = Base; path = Base.lproj/LaunchScreen.storyboard; sourceTree = "<group>"; };
		6EE60BA0270C898300D77DE2 /* Info.plist */ = {isa = PBXFileReference; lastKnownFileType = text.plist.xml; path = Info.plist; sourceTree = "<group>"; };
		6EE60BA5270C898300D77DE2 /* Social Sign InTests.xctest */ = {isa = PBXFileReference; explicitFileType = wrapper.cfbundle; includeInIndex = 0; path = "Social Sign InTests.xctest"; sourceTree = BUILT_PRODUCTS_DIR; };
		6EE60BAF270C898300D77DE2 /* Social Sign InUITests.xctest */ = {isa = PBXFileReference; explicitFileType = wrapper.cfbundle; includeInIndex = 0; path = "Social Sign InUITests.xctest"; sourceTree = BUILT_PRODUCTS_DIR; };
		6EE60BB3270C898300D77DE2 /* Social_Sign_InUITests.swift */ = {isa = PBXFileReference; lastKnownFileType = sourcecode.swift; path = Social_Sign_InUITests.swift; sourceTree = "<group>"; };
		6EE60BB5270C898300D77DE2 /* Social_Sign_InUITestsLaunchTests.swift */ = {isa = PBXFileReference; lastKnownFileType = sourcecode.swift; path = Social_Sign_InUITestsLaunchTests.swift; sourceTree = "<group>"; };
		6EE60BC4270C92EF00D77DE2 /* MainViewControllerTests.swift */ = {isa = PBXFileReference; lastKnownFileType = sourcecode.swift; path = MainViewControllerTests.swift; sourceTree = "<group>"; };
/* End PBXFileReference section */

/* Begin PBXFrameworksBuildPhase section */
		6EE60B8C270C898000D77DE2 /* Frameworks */ = {
			isa = PBXFrameworksBuildPhase;
			buildActionMask = 2147483647;
			files = (
				6E66A9BA2710D488005CD611 /* FacebookLogin in Frameworks */,
				6EA06C3F270DF8CA00D81E05 /* GoogleSignIn in Frameworks */,
				6E66A9B82710D488005CD611 /* FacebookCore in Frameworks */,
			);
			runOnlyForDeploymentPostprocessing = 0;
		};
		6EE60BA2270C898300D77DE2 /* Frameworks */ = {
			isa = PBXFrameworksBuildPhase;
			buildActionMask = 2147483647;
			files = (
			);
			runOnlyForDeploymentPostprocessing = 0;
		};
		6EE60BAC270C898300D77DE2 /* Frameworks */ = {
			isa = PBXFrameworksBuildPhase;
			buildActionMask = 2147483647;
			files = (
			);
			runOnlyForDeploymentPostprocessing = 0;
		};
/* End PBXFrameworksBuildPhase section */

/* Begin PBXGroup section */
		6EA06C40270E107800D81E05 /* Utils */ = {
			isa = PBXGroup;
			children = (
				6EA06C41270E10AE00D81E05 /* SocialLoginManager.swift */,
				6EA06C46270E1AE200D81E05 /* GoogleLoginProvider.swift */,
				6EA06C48270E1AED00D81E05 /* FacebookLoginProvider.swift */,
			);
			path = Utils;
			sourceTree = "<group>";
		};
		6EA06C43270E179000D81E05 /* Models */ = {
			isa = PBXGroup;
			children = (
				6EA06C44270E17B400D81E05 /* UserData.swift */,
			);
			path = Models;
			sourceTree = "<group>";
		};
		6EE60B86270C898000D77DE2 = {
			isa = PBXGroup;
			children = (
				6EE60B91270C898000D77DE2 /* Social Sign In */,
				6EE60BA8270C898300D77DE2 /* Social Sign InTests */,
				6EE60BB2270C898300D77DE2 /* Social Sign InUITests */,
				6EE60B90270C898000D77DE2 /* Products */,
			);
			sourceTree = "<group>";
		};
		6EE60B90270C898000D77DE2 /* Products */ = {
			isa = PBXGroup;
			children = (
				6EE60B8F270C898000D77DE2 /* Social Sign In.app */,
				6EE60BA5270C898300D77DE2 /* Social Sign InTests.xctest */,
				6EE60BAF270C898300D77DE2 /* Social Sign InUITests.xctest */,
			);
			name = Products;
			sourceTree = "<group>";
		};
		6EE60B91270C898000D77DE2 /* Social Sign In */ = {
			isa = PBXGroup;
			children = (
				6EE60B92270C898000D77DE2 /* AppDelegate.swift */,
				6EA06C40270E107800D81E05 /* Utils */,
				6EA06C43270E179000D81E05 /* Models */,
				6EE60BC3270C8C4F00D77DE2 /* View Controllers */,
				6EE60BC2270C8A1100D77DE2 /* Resources */,
			);
			path = "Social Sign In";
			sourceTree = "<group>";
		};
		6EE60BA8270C898300D77DE2 /* Social Sign InTests */ = {
			isa = PBXGroup;
			children = (
				6EE60BC4270C92EF00D77DE2 /* MainViewControllerTests.swift */,
				6EA06C4A270E1C1700D81E05 /* SocialLoginManagerTests.swift */,
				6E27D92F271F16BE00CF60B6 /* SocialLoginProviderMock.swift */,
			);
			path = "Social Sign InTests";
			sourceTree = "<group>";
		};
		6EE60BB2270C898300D77DE2 /* Social Sign InUITests */ = {
			isa = PBXGroup;
			children = (
				6EE60BB3270C898300D77DE2 /* Social_Sign_InUITests.swift */,
				6EE60BB5270C898300D77DE2 /* Social_Sign_InUITestsLaunchTests.swift */,
			);
			path = "Social Sign InUITests";
			sourceTree = "<group>";
		};
		6EE60BC2270C8A1100D77DE2 /* Resources */ = {
			isa = PBXGroup;
			children = (
				6EE60B9B270C898300D77DE2 /* Assets.xcassets */,
				6EE60B9D270C898300D77DE2 /* LaunchScreen.storyboard */,
				6EE60BA0270C898300D77DE2 /* Info.plist */,
			);
			path = Resources;
			sourceTree = "<group>";
		};
		6EE60BC3270C8C4F00D77DE2 /* View Controllers */ = {
			isa = PBXGroup;
			children = (
				6EE60B96270C898000D77DE2 /* MainViewController.swift */,
			);
			path = "View Controllers";
			sourceTree = "<group>";
		};
/* End PBXGroup section */

/* Begin PBXNativeTarget section */
		6EE60B8E270C898000D77DE2 /* Social Sign In */ = {
			isa = PBXNativeTarget;
			buildConfigurationList = 6EE60BB9270C898300D77DE2 /* Build configuration list for PBXNativeTarget "Social Sign In" */;
			buildPhases = (
				6EE60B8B270C898000D77DE2 /* Sources */,
				6EE60B8C270C898000D77DE2 /* Frameworks */,
				6EE60B8D270C898000D77DE2 /* Resources */,
			);
			buildRules = (
			);
			dependencies = (
			);
			name = "Social Sign In";
			packageProductDependencies = (
				6EA06C3E270DF8CA00D81E05 /* GoogleSignIn */,
				6E66A9B72710D488005CD611 /* FacebookCore */,
				6E66A9B92710D488005CD611 /* FacebookLogin */,
			);
			productName = "Social Sign In";
			productReference = 6EE60B8F270C898000D77DE2 /* Social Sign In.app */;
			productType = "com.apple.product-type.application";
		};
		6EE60BA4270C898300D77DE2 /* Social Sign InTests */ = {
			isa = PBXNativeTarget;
			buildConfigurationList = 6EE60BBC270C898300D77DE2 /* Build configuration list for PBXNativeTarget "Social Sign InTests" */;
			buildPhases = (
				6EE60BA1270C898300D77DE2 /* Sources */,
				6EE60BA2270C898300D77DE2 /* Frameworks */,
				6EE60BA3270C898300D77DE2 /* Resources */,
			);
			buildRules = (
			);
			dependencies = (
				6EE60BA7270C898300D77DE2 /* PBXTargetDependency */,
			);
			name = "Social Sign InTests";
			productName = "Social Sign InTests";
			productReference = 6EE60BA5270C898300D77DE2 /* Social Sign InTests.xctest */;
			productType = "com.apple.product-type.bundle.unit-test";
		};
		6EE60BAE270C898300D77DE2 /* Social Sign InUITests */ = {
			isa = PBXNativeTarget;
			buildConfigurationList = 6EE60BBF270C898300D77DE2 /* Build configuration list for PBXNativeTarget "Social Sign InUITests" */;
			buildPhases = (
				6EE60BAB270C898300D77DE2 /* Sources */,
				6EE60BAC270C898300D77DE2 /* Frameworks */,
				6EE60BAD270C898300D77DE2 /* Resources */,
			);
			buildRules = (
			);
			dependencies = (
				6EE60BB1270C898300D77DE2 /* PBXTargetDependency */,
			);
			name = "Social Sign InUITests";
			productName = "Social Sign InUITests";
			productReference = 6EE60BAF270C898300D77DE2 /* Social Sign InUITests.xctest */;
			productType = "com.apple.product-type.bundle.ui-testing";
		};
/* End PBXNativeTarget section */

/* Begin PBXProject section */
		6EE60B87270C898000D77DE2 /* Project object */ = {
			isa = PBXProject;
			attributes = {
				BuildIndependentTargetsInParallel = 1;
				LastSwiftUpdateCheck = 1300;
				LastUpgradeCheck = 1300;
				TargetAttributes = {
					6EE60B8E270C898000D77DE2 = {
						CreatedOnToolsVersion = 13.0;
					};
					6EE60BA4270C898300D77DE2 = {
						CreatedOnToolsVersion = 13.0;
						TestTargetID = 6EE60B8E270C898000D77DE2;
					};
					6EE60BAE270C898300D77DE2 = {
						CreatedOnToolsVersion = 13.0;
						TestTargetID = 6EE60B8E270C898000D77DE2;
					};
				};
			};
			buildConfigurationList = 6EE60B8A270C898000D77DE2 /* Build configuration list for PBXProject "Social Sign In" */;
			compatibilityVersion = "Xcode 13.0";
			developmentRegion = en;
			hasScannedForEncodings = 0;
			knownRegions = (
				en,
				Base,
			);
			mainGroup = 6EE60B86270C898000D77DE2;
			packageReferences = (
				6EA06C3D270DF8CA00D81E05 /* XCRemoteSwiftPackageReference "GoogleSignIn-iOS" */,
				6E66A9B62710D488005CD611 /* XCRemoteSwiftPackageReference "facebook-ios-sdk" */,
			);
			productRefGroup = 6EE60B90270C898000D77DE2 /* Products */;
			projectDirPath = "";
			projectRoot = "";
			targets = (
				6EE60B8E270C898000D77DE2 /* Social Sign In */,
				6EE60BA4270C898300D77DE2 /* Social Sign InTests */,
				6EE60BAE270C898300D77DE2 /* Social Sign InUITests */,
			);
		};
/* End PBXProject section */

/* Begin PBXResourcesBuildPhase section */
		6EE60B8D270C898000D77DE2 /* Resources */ = {
			isa = PBXResourcesBuildPhase;
			buildActionMask = 2147483647;
			files = (
				6EE60B9F270C898300D77DE2 /* LaunchScreen.storyboard in Resources */,
				6EE60B9C270C898300D77DE2 /* Assets.xcassets in Resources */,
			);
			runOnlyForDeploymentPostprocessing = 0;
		};
		6EE60BA3270C898300D77DE2 /* Resources */ = {
			isa = PBXResourcesBuildPhase;
			buildActionMask = 2147483647;
			files = (
			);
			runOnlyForDeploymentPostprocessing = 0;
		};
		6EE60BAD270C898300D77DE2 /* Resources */ = {
			isa = PBXResourcesBuildPhase;
			buildActionMask = 2147483647;
			files = (
			);
			runOnlyForDeploymentPostprocessing = 0;
		};
/* End PBXResourcesBuildPhase section */

/* Begin PBXSourcesBuildPhase section */
		6EE60B8B270C898000D77DE2 /* Sources */ = {
			isa = PBXSourcesBuildPhase;
			buildActionMask = 2147483647;
			files = (
				6EA06C49270E1AED00D81E05 /* FacebookLoginProvider.swift in Sources */,
				6EA06C42270E10AE00D81E05 /* SocialLoginManager.swift in Sources */,
				6EA06C47270E1AE200D81E05 /* GoogleLoginProvider.swift in Sources */,
				6EE60B97270C898000D77DE2 /* MainViewController.swift in Sources */,
				6EA06C45270E17B400D81E05 /* UserData.swift in Sources */,
				6EE60B93270C898000D77DE2 /* AppDelegate.swift in Sources */,
			);
			runOnlyForDeploymentPostprocessing = 0;
		};
		6EE60BA1270C898300D77DE2 /* Sources */ = {
			isa = PBXSourcesBuildPhase;
			buildActionMask = 2147483647;
			files = (
				6EA06C4B270E1C1700D81E05 /* SocialLoginManagerTests.swift in Sources */,
				6EE60BC5270C92EF00D77DE2 /* MainViewControllerTests.swift in Sources */,
				6E27D930271F16BE00CF60B6 /* SocialLoginProviderMock.swift in Sources */,
			);
			runOnlyForDeploymentPostprocessing = 0;
		};
		6EE60BAB270C898300D77DE2 /* Sources */ = {
			isa = PBXSourcesBuildPhase;
			buildActionMask = 2147483647;
			files = (
				6EE60BB4270C898300D77DE2 /* Social_Sign_InUITests.swift in Sources */,
				6EE60BB6270C898300D77DE2 /* Social_Sign_InUITestsLaunchTests.swift in Sources */,
			);
			runOnlyForDeploymentPostprocessing = 0;
		};
/* End PBXSourcesBuildPhase section */

/* Begin PBXTargetDependency section */
		6EE60BA7270C898300D77DE2 /* PBXTargetDependency */ = {
			isa = PBXTargetDependency;
			target = 6EE60B8E270C898000D77DE2 /* Social Sign In */;
			targetProxy = 6EE60BA6270C898300D77DE2 /* PBXContainerItemProxy */;
		};
		6EE60BB1270C898300D77DE2 /* PBXTargetDependency */ = {
			isa = PBXTargetDependency;
			target = 6EE60B8E270C898000D77DE2 /* Social Sign In */;
			targetProxy = 6EE60BB0270C898300D77DE2 /* PBXContainerItemProxy */;
		};
/* End PBXTargetDependency section */

/* Begin PBXVariantGroup section */
		6EE60B9D270C898300D77DE2 /* LaunchScreen.storyboard */ = {
			isa = PBXVariantGroup;
			children = (
				6EE60B9E270C898300D77DE2 /* Base */,
			);
			name = LaunchScreen.storyboard;
			sourceTree = "<group>";
		};
/* End PBXVariantGroup section */

/* Begin XCBuildConfiguration section */
		6EE60BB7270C898300D77DE2 /* Debug */ = {
			isa = XCBuildConfiguration;
			buildSettings = {
				ALWAYS_SEARCH_USER_PATHS = NO;
				CLANG_ANALYZER_NONNULL = YES;
				CLANG_ANALYZER_NUMBER_OBJECT_CONVERSION = YES_AGGRESSIVE;
				CLANG_CXX_LANGUAGE_STANDARD = "gnu++17";
				CLANG_CXX_LIBRARY = "libc++";
				CLANG_ENABLE_MODULES = YES;
				CLANG_ENABLE_OBJC_ARC = YES;
				CLANG_ENABLE_OBJC_WEAK = YES;
				CLANG_WARN_BLOCK_CAPTURE_AUTORELEASING = YES;
				CLANG_WARN_BOOL_CONVERSION = YES;
				CLANG_WARN_COMMA = YES;
				CLANG_WARN_CONSTANT_CONVERSION = YES;
				CLANG_WARN_DEPRECATED_OBJC_IMPLEMENTATIONS = YES;
				CLANG_WARN_DIRECT_OBJC_ISA_USAGE = YES_ERROR;
				CLANG_WARN_DOCUMENTATION_COMMENTS = YES;
				CLANG_WARN_EMPTY_BODY = YES;
				CLANG_WARN_ENUM_CONVERSION = YES;
				CLANG_WARN_INFINITE_RECURSION = YES;
				CLANG_WARN_INT_CONVERSION = YES;
				CLANG_WARN_NON_LITERAL_NULL_CONVERSION = YES;
				CLANG_WARN_OBJC_IMPLICIT_RETAIN_SELF = YES;
				CLANG_WARN_OBJC_LITERAL_CONVERSION = YES;
				CLANG_WARN_OBJC_ROOT_CLASS = YES_ERROR;
				CLANG_WARN_QUOTED_INCLUDE_IN_FRAMEWORK_HEADER = YES;
				CLANG_WARN_RANGE_LOOP_ANALYSIS = YES;
				CLANG_WARN_STRICT_PROTOTYPES = YES;
				CLANG_WARN_SUSPICIOUS_MOVE = YES;
				CLANG_WARN_UNGUARDED_AVAILABILITY = YES_AGGRESSIVE;
				CLANG_WARN_UNREACHABLE_CODE = YES;
				CLANG_WARN__DUPLICATE_METHOD_MATCH = YES;
				COPY_PHASE_STRIP = NO;
				DEBUG_INFORMATION_FORMAT = dwarf;
				ENABLE_STRICT_OBJC_MSGSEND = YES;
				ENABLE_TESTABILITY = YES;
				GCC_C_LANGUAGE_STANDARD = gnu11;
				GCC_DYNAMIC_NO_PIC = NO;
				GCC_NO_COMMON_BLOCKS = YES;
				GCC_OPTIMIZATION_LEVEL = 0;
				GCC_PREPROCESSOR_DEFINITIONS = (
					"DEBUG=1",
					"$(inherited)",
				);
				GCC_WARN_64_TO_32_BIT_CONVERSION = YES;
				GCC_WARN_ABOUT_RETURN_TYPE = YES_ERROR;
				GCC_WARN_UNDECLARED_SELECTOR = YES;
				GCC_WARN_UNINITIALIZED_AUTOS = YES_AGGRESSIVE;
				GCC_WARN_UNUSED_FUNCTION = YES;
				GCC_WARN_UNUSED_VARIABLE = YES;
				IPHONEOS_DEPLOYMENT_TARGET = 15.0;
				MTL_ENABLE_DEBUG_INFO = INCLUDE_SOURCE;
				MTL_FAST_MATH = YES;
				ONLY_ACTIVE_ARCH = YES;
				SDKROOT = iphoneos;
				SWIFT_ACTIVE_COMPILATION_CONDITIONS = DEBUG;
				SWIFT_OPTIMIZATION_LEVEL = "-Onone";
			};
			name = Debug;
		};
		6EE60BB8270C898300D77DE2 /* Release */ = {
			isa = XCBuildConfiguration;
			buildSettings = {
				ALWAYS_SEARCH_USER_PATHS = NO;
				CLANG_ANALYZER_NONNULL = YES;
				CLANG_ANALYZER_NUMBER_OBJECT_CONVERSION = YES_AGGRESSIVE;
				CLANG_CXX_LANGUAGE_STANDARD = "gnu++17";
				CLANG_CXX_LIBRARY = "libc++";
				CLANG_ENABLE_MODULES = YES;
				CLANG_ENABLE_OBJC_ARC = YES;
				CLANG_ENABLE_OBJC_WEAK = YES;
				CLANG_WARN_BLOCK_CAPTURE_AUTORELEASING = YES;
				CLANG_WARN_BOOL_CONVERSION = YES;
				CLANG_WARN_COMMA = YES;
				CLANG_WARN_CONSTANT_CONVERSION = YES;
				CLANG_WARN_DEPRECATED_OBJC_IMPLEMENTATIONS = YES;
				CLANG_WARN_DIRECT_OBJC_ISA_USAGE = YES_ERROR;
				CLANG_WARN_DOCUMENTATION_COMMENTS = YES;
				CLANG_WARN_EMPTY_BODY = YES;
				CLANG_WARN_ENUM_CONVERSION = YES;
				CLANG_WARN_INFINITE_RECURSION = YES;
				CLANG_WARN_INT_CONVERSION = YES;
				CLANG_WARN_NON_LITERAL_NULL_CONVERSION = YES;
				CLANG_WARN_OBJC_IMPLICIT_RETAIN_SELF = YES;
				CLANG_WARN_OBJC_LITERAL_CONVERSION = YES;
				CLANG_WARN_OBJC_ROOT_CLASS = YES_ERROR;
				CLANG_WARN_QUOTED_INCLUDE_IN_FRAMEWORK_HEADER = YES;
				CLANG_WARN_RANGE_LOOP_ANALYSIS = YES;
				CLANG_WARN_STRICT_PROTOTYPES = YES;
				CLANG_WARN_SUSPICIOUS_MOVE = YES;
				CLANG_WARN_UNGUARDED_AVAILABILITY = YES_AGGRESSIVE;
				CLANG_WARN_UNREACHABLE_CODE = YES;
				CLANG_WARN__DUPLICATE_METHOD_MATCH = YES;
				COPY_PHASE_STRIP = NO;
				DEBUG_INFORMATION_FORMAT = "dwarf-with-dsym";
				ENABLE_NS_ASSERTIONS = NO;
				ENABLE_STRICT_OBJC_MSGSEND = YES;
				GCC_C_LANGUAGE_STANDARD = gnu11;
				GCC_NO_COMMON_BLOCKS = YES;
				GCC_WARN_64_TO_32_BIT_CONVERSION = YES;
				GCC_WARN_ABOUT_RETURN_TYPE = YES_ERROR;
				GCC_WARN_UNDECLARED_SELECTOR = YES;
				GCC_WARN_UNINITIALIZED_AUTOS = YES_AGGRESSIVE;
				GCC_WARN_UNUSED_FUNCTION = YES;
				GCC_WARN_UNUSED_VARIABLE = YES;
				IPHONEOS_DEPLOYMENT_TARGET = 15.0;
				MTL_ENABLE_DEBUG_INFO = NO;
				MTL_FAST_MATH = YES;
				SDKROOT = iphoneos;
				SWIFT_COMPILATION_MODE = wholemodule;
				SWIFT_OPTIMIZATION_LEVEL = "-O";
				VALIDATE_PRODUCT = YES;
			};
			name = Release;
		};
		6EE60BBA270C898300D77DE2 /* Debug */ = {
			isa = XCBuildConfiguration;
			buildSettings = {
				ASSETCATALOG_COMPILER_APPICON_NAME = AppIcon;
				ASSETCATALOG_COMPILER_GLOBAL_ACCENT_COLOR_NAME = AccentColor;
				CODE_SIGN_STYLE = Automatic;
				CURRENT_PROJECT_VERSION = 1;
				DEVELOPMENT_TEAM = 7HCJ73HM9M;
				GENERATE_INFOPLIST_FILE = YES;
				INFOPLIST_FILE = "Social Sign In/Resources/Info.plist";
				INFOPLIST_KEY_UIApplicationSupportsIndirectInputEvents = YES;
				INFOPLIST_KEY_UILaunchStoryboardName = LaunchScreen;
				INFOPLIST_KEY_UISupportedInterfaceOrientations_iPad = "UIInterfaceOrientationPortrait UIInterfaceOrientationPortraitUpsideDown UIInterfaceOrientationLandscapeLeft UIInterfaceOrientationLandscapeRight";
				INFOPLIST_KEY_UISupportedInterfaceOrientations_iPhone = "UIInterfaceOrientationPortrait UIInterfaceOrientationLandscapeLeft UIInterfaceOrientationLandscapeRight";
				IPHONEOS_DEPLOYMENT_TARGET = 12.0;
				LD_RUNPATH_SEARCH_PATHS = (
					"$(inherited)",
					"@executable_path/Frameworks",
				);
				MARKETING_VERSION = 1.0;
				PRODUCT_BUNDLE_IDENTIFIER = "test.Social-Sign-In";
				PRODUCT_NAME = "$(TARGET_NAME)";
				SWIFT_EMIT_LOC_STRINGS = YES;
				SWIFT_VERSION = 5.0;
				TARGETED_DEVICE_FAMILY = 1;
			};
			name = Debug;
		};
		6EE60BBB270C898300D77DE2 /* Release */ = {
			isa = XCBuildConfiguration;
			buildSettings = {
				ASSETCATALOG_COMPILER_APPICON_NAME = AppIcon;
				ASSETCATALOG_COMPILER_GLOBAL_ACCENT_COLOR_NAME = AccentColor;
				CODE_SIGN_STYLE = Automatic;
				CURRENT_PROJECT_VERSION = 1;
				DEVELOPMENT_TEAM = 7HCJ73HM9M;
				GENERATE_INFOPLIST_FILE = YES;
				INFOPLIST_FILE = "Social Sign In/Resources/Info.plist";
				INFOPLIST_KEY_UIApplicationSupportsIndirectInputEvents = YES;
				INFOPLIST_KEY_UILaunchStoryboardName = LaunchScreen;
				INFOPLIST_KEY_UISupportedInterfaceOrientations_iPad = "UIInterfaceOrientationPortrait UIInterfaceOrientationPortraitUpsideDown UIInterfaceOrientationLandscapeLeft UIInterfaceOrientationLandscapeRight";
				INFOPLIST_KEY_UISupportedInterfaceOrientations_iPhone = "UIInterfaceOrientationPortrait UIInterfaceOrientationLandscapeLeft UIInterfaceOrientationLandscapeRight";
				IPHONEOS_DEPLOYMENT_TARGET = 12.0;
				LD_RUNPATH_SEARCH_PATHS = (
					"$(inherited)",
					"@executable_path/Frameworks",
				);
				MARKETING_VERSION = 1.0;
				PRODUCT_BUNDLE_IDENTIFIER = "test.Social-Sign-In";
				PRODUCT_NAME = "$(TARGET_NAME)";
				SWIFT_EMIT_LOC_STRINGS = YES;
				SWIFT_VERSION = 5.0;
				TARGETED_DEVICE_FAMILY = 1;
			};
			name = Release;
		};
		6EE60BBD270C898300D77DE2 /* Debug */ = {
			isa = XCBuildConfiguration;
			buildSettings = {
				ALWAYS_EMBED_SWIFT_STANDARD_LIBRARIES = YES;
				BUNDLE_LOADER = "$(TEST_HOST)";
				CODE_SIGN_STYLE = Automatic;
				CURRENT_PROJECT_VERSION = 1;
				DEVELOPMENT_TEAM = 7HCJ73HM9M;
				GENERATE_INFOPLIST_FILE = YES;
				IPHONEOS_DEPLOYMENT_TARGET = 15.0;
				LD_RUNPATH_SEARCH_PATHS = (
					"$(inherited)",
					"@executable_path/Frameworks",
					"@loader_path/Frameworks",
				);
				MARKETING_VERSION = 1.0;
				PRODUCT_BUNDLE_IDENTIFIER = "test.Social-Sign-InTests";
				PRODUCT_NAME = "$(TARGET_NAME)";
				SWIFT_EMIT_LOC_STRINGS = NO;
				SWIFT_VERSION = 5.0;
				TARGETED_DEVICE_FAMILY = "1,2";
				TEST_HOST = "$(BUILT_PRODUCTS_DIR)/Social Sign In.app/Social Sign In";
			};
			name = Debug;
		};
		6EE60BBE270C898300D77DE2 /* Release */ = {
			isa = XCBuildConfiguration;
			buildSettings = {
				ALWAYS_EMBED_SWIFT_STANDARD_LIBRARIES = YES;
				BUNDLE_LOADER = "$(TEST_HOST)";
				CODE_SIGN_STYLE = Automatic;
				CURRENT_PROJECT_VERSION = 1;
				DEVELOPMENT_TEAM = 7HCJ73HM9M;
				GENERATE_INFOPLIST_FILE = YES;
				IPHONEOS_DEPLOYMENT_TARGET = 15.0;
				LD_RUNPATH_SEARCH_PATHS = (
					"$(inherited)",
					"@executable_path/Frameworks",
					"@loader_path/Frameworks",
				);
				MARKETING_VERSION = 1.0;
				PRODUCT_BUNDLE_IDENTIFIER = "test.Social-Sign-InTests";
				PRODUCT_NAME = "$(TARGET_NAME)";
				SWIFT_EMIT_LOC_STRINGS = NO;
				SWIFT_VERSION = 5.0;
				TARGETED_DEVICE_FAMILY = "1,2";
				TEST_HOST = "$(BUILT_PRODUCTS_DIR)/Social Sign In.app/Social Sign In";
			};
			name = Release;
		};
		6EE60BC0270C898300D77DE2 /* Debug */ = {
			isa = XCBuildConfiguration;
			buildSettings = {
				ALWAYS_EMBED_SWIFT_STANDARD_LIBRARIES = YES;
				CODE_SIGN_STYLE = Automatic;
				CURRENT_PROJECT_VERSION = 1;
				DEVELOPMENT_TEAM = 7HCJ73HM9M;
				GENERATE_INFOPLIST_FILE = YES;
				LD_RUNPATH_SEARCH_PATHS = (
					"$(inherited)",
					"@executable_path/Frameworks",
					"@loader_path/Frameworks",
				);
				MARKETING_VERSION = 1.0;
				PRODUCT_BUNDLE_IDENTIFIER = "test.Social-Sign-InUITests";
				PRODUCT_NAME = "$(TARGET_NAME)";
				SWIFT_EMIT_LOC_STRINGS = NO;
				SWIFT_VERSION = 5.0;
				TARGETED_DEVICE_FAMILY = "1,2";
				TEST_TARGET_NAME = "Social Sign In";
			};
			name = Debug;
		};
		6EE60BC1270C898300D77DE2 /* Release */ = {
			isa = XCBuildConfiguration;
			buildSettings = {
				ALWAYS_EMBED_SWIFT_STANDARD_LIBRARIES = YES;
				CODE_SIGN_STYLE = Automatic;
				CURRENT_PROJECT_VERSION = 1;
				DEVELOPMENT_TEAM = 7HCJ73HM9M;
				GENERATE_INFOPLIST_FILE = YES;
				LD_RUNPATH_SEARCH_PATHS = (
					"$(inherited)",
					"@executable_path/Frameworks",
					"@loader_path/Frameworks",
				);
				MARKETING_VERSION = 1.0;
				PRODUCT_BUNDLE_IDENTIFIER = "test.Social-Sign-InUITests";
				PRODUCT_NAME = "$(TARGET_NAME)";
				SWIFT_EMIT_LOC_STRINGS = NO;
				SWIFT_VERSION = 5.0;
				TARGETED_DEVICE_FAMILY = "1,2";
				TEST_TARGET_NAME = "Social Sign In";
			};
			name = Release;
		};
/* End XCBuildConfiguration section */

/* Begin XCConfigurationList section */
		6EE60B8A270C898000D77DE2 /* Build configuration list for PBXProject "Social Sign In" */ = {
			isa = XCConfigurationList;
			buildConfigurations = (
				6EE60BB7270C898300D77DE2 /* Debug */,
				6EE60BB8270C898300D77DE2 /* Release */,
			);
			defaultConfigurationIsVisible = 0;
			defaultConfigurationName = Release;
		};
		6EE60BB9270C898300D77DE2 /* Build configuration list for PBXNativeTarget "Social Sign In" */ = {
			isa = XCConfigurationList;
			buildConfigurations = (
				6EE60BBA270C898300D77DE2 /* Debug */,
				6EE60BBB270C898300D77DE2 /* Release */,
			);
			defaultConfigurationIsVisible = 0;
			defaultConfigurationName = Release;
		};
		6EE60BBC270C898300D77DE2 /* Build configuration list for PBXNativeTarget "Social Sign InTests" */ = {
			isa = XCConfigurationList;
			buildConfigurations = (
				6EE60BBD270C898300D77DE2 /* Debug */,
				6EE60BBE270C898300D77DE2 /* Release */,
			);
			defaultConfigurationIsVisible = 0;
			defaultConfigurationName = Release;
		};
		6EE60BBF270C898300D77DE2 /* Build configuration list for PBXNativeTarget "Social Sign InUITests" */ = {
			isa = XCConfigurationList;
			buildConfigurations = (
				6EE60BC0270C898300D77DE2 /* Debug */,
				6EE60BC1270C898300D77DE2 /* Release */,
			);
			defaultConfigurationIsVisible = 0;
			defaultConfigurationName = Release;
		};
/* End XCConfigurationList section */

/* Begin XCRemoteSwiftPackageReference section */
		6E66A9B62710D488005CD611 /* XCRemoteSwiftPackageReference "facebook-ios-sdk" */ = {
			isa = XCRemoteSwiftPackageReference;
			repositoryURL = "https://github.com/facebook/facebook-ios-sdk";
			requirement = {
				kind = upToNextMajorVersion;
				minimumVersion = 9.0.0;
			};
		};
		6EA06C3D270DF8CA00D81E05 /* XCRemoteSwiftPackageReference "GoogleSignIn-iOS" */ = {
			isa = XCRemoteSwiftPackageReference;
			repositoryURL = "https://github.com/google/GoogleSignIn-iOS";
			requirement = {
				kind = upToNextMajorVersion;
				minimumVersion = 6.0.0;
			};
		};
/* End XCRemoteSwiftPackageReference section */

/* Begin XCSwiftPackageProductDependency section */
		6E66A9B72710D488005CD611 /* FacebookCore */ = {
			isa = XCSwiftPackageProductDependency;
			package = 6E66A9B62710D488005CD611 /* XCRemoteSwiftPackageReference "facebook-ios-sdk" */;
			productName = FacebookCore;
		};
		6E66A9B92710D488005CD611 /* FacebookLogin */ = {
			isa = XCSwiftPackageProductDependency;
			package = 6E66A9B62710D488005CD611 /* XCRemoteSwiftPackageReference "facebook-ios-sdk" */;
			productName = FacebookLogin;
		};
		6EA06C3E270DF8CA00D81E05 /* GoogleSignIn */ = {
			isa = XCSwiftPackageProductDependency;
			package = 6EA06C3D270DF8CA00D81E05 /* XCRemoteSwiftPackageReference "GoogleSignIn-iOS" */;
			productName = GoogleSignIn;
		};
/* End XCSwiftPackageProductDependency section */
	};
	rootObject = 6EE60B87270C898000D77DE2 /* Project object */;
}
